// !$*UTF8*$!
{
	archiveVersion = 1;
	classes = {
	};
	objectVersion = 50;
	objects = {

/* Begin PBXBuildFile section */
		219FEF5327987A12007D401A /* iOvuApp.swift in Sources */ = {isa = PBXBuildFile; fileRef = 219FEF5227987A12007D401A /* iOvuApp.swift */; };
		219FEF5527987A12007D401A /* ContentView.swift in Sources */ = {isa = PBXBuildFile; fileRef = 219FEF5427987A12007D401A /* ContentView.swift */; };
		219FEF5727987A14007D401A /* Assets.xcassets in Resources */ = {isa = PBXBuildFile; fileRef = 219FEF5627987A14007D401A /* Assets.xcassets */; };
		219FEF5A27987A14007D401A /* Preview Assets.xcassets in Resources */ = {isa = PBXBuildFile; fileRef = 219FEF5927987A14007D401A /* Preview Assets.xcassets */; };
		219FEF6527987A14007D401A /* iOvuTests.swift in Sources */ = {isa = PBXBuildFile; fileRef = 219FEF6427987A14007D401A /* iOvuTests.swift */; };
		219FEF7027987A14007D401A /* iOvuUITests.swift in Sources */ = {isa = PBXBuildFile; fileRef = 219FEF6F27987A14007D401A /* iOvuUITests.swift */; };
/* End PBXBuildFile section */

/* Begin PBXContainerItemProxy section */
		219FEF6127987A14007D401A /* PBXContainerItemProxy */ = {
			isa = PBXContainerItemProxy;
			containerPortal = 219FEF4727987A12007D401A /* Project object */;
			proxyType = 1;
			remoteGlobalIDString = 219FEF4E27987A12007D401A;
			remoteInfo = iOvu;
		};
		219FEF6C27987A14007D401A /* PBXContainerItemProxy */ = {
			isa = PBXContainerItemProxy;
			containerPortal = 219FEF4727987A12007D401A /* Project object */;
			proxyType = 1;
			remoteGlobalIDString = 219FEF4E27987A12007D401A;
			remoteInfo = iOvu;
		};
/* End PBXContainerItemProxy section */

/* Begin PBXFileReference section */
		219FEF4F27987A12007D401A /* iOvu.app */ = {isa = PBXFileReference; explicitFileType = wrapper.application; includeInIndex = 0; path = iOvu.app; sourceTree = BUILT_PRODUCTS_DIR; };
		219FEF5227987A12007D401A /* iOvuApp.swift */ = {isa = PBXFileReference; lastKnownFileType = sourcecode.swift; path = iOvuApp.swift; sourceTree = "<group>"; };
		219FEF5427987A12007D401A /* ContentView.swift */ = {isa = PBXFileReference; lastKnownFileType = sourcecode.swift; path = ContentView.swift; sourceTree = "<group>"; };
		219FEF5627987A14007D401A /* Assets.xcassets */ = {isa = PBXFileReference; lastKnownFileType = folder.assetcatalog; path = Assets.xcassets; sourceTree = "<group>"; };
		219FEF5927987A14007D401A /* Preview Assets.xcassets */ = {isa = PBXFileReference; lastKnownFileType = folder.assetcatalog; path = "Preview Assets.xcassets"; sourceTree = "<group>"; };
		219FEF5B27987A14007D401A /* Info.plist */ = {isa = PBXFileReference; lastKnownFileType = text.plist.xml; path = Info.plist; sourceTree = "<group>"; };
		219FEF6027987A14007D401A /* iOvuTests.xctest */ = {isa = PBXFileReference; explicitFileType = wrapper.cfbundle; includeInIndex = 0; path = iOvuTests.xctest; sourceTree = BUILT_PRODUCTS_DIR; };
		219FEF6427987A14007D401A /* iOvuTests.swift */ = {isa = PBXFileReference; lastKnownFileType = sourcecode.swift; path = iOvuTests.swift; sourceTree = "<group>"; };
		219FEF6627987A14007D401A /* Info.plist */ = {isa = PBXFileReference; lastKnownFileType = text.plist.xml; path = Info.plist; sourceTree = "<group>"; };
		219FEF6B27987A14007D401A /* iOvuUITests.xctest */ = {isa = PBXFileReference; explicitFileType = wrapper.cfbundle; includeInIndex = 0; path = iOvuUITests.xctest; sourceTree = BUILT_PRODUCTS_DIR; };
		219FEF6F27987A14007D401A /* iOvuUITests.swift */ = {isa = PBXFileReference; lastKnownFileType = sourcecode.swift; path = iOvuUITests.swift; sourceTree = "<group>"; };
		219FEF7127987A14007D401A /* Info.plist */ = {isa = PBXFileReference; lastKnownFileType = text.plist.xml; path = Info.plist; sourceTree = "<group>"; };
/* End PBXFileReference section */

/* Begin PBXFrameworksBuildPhase section */
		219FEF4C27987A12007D401A /* Frameworks */ = {
			isa = PBXFrameworksBuildPhase;
			buildActionMask = 2147483647;
			files = (
			);
			runOnlyForDeploymentPostprocessing = 0;
		};
		219FEF5D27987A14007D401A /* Frameworks */ = {
			isa = PBXFrameworksBuildPhase;
			buildActionMask = 2147483647;
			files = (
			);
			runOnlyForDeploymentPostprocessing = 0;
		};
		219FEF6827987A14007D401A /* Frameworks */ = {
			isa = PBXFrameworksBuildPhase;
			buildActionMask = 2147483647;
			files = (
			);
			runOnlyForDeploymentPostprocessing = 0;
		};
/* End PBXFrameworksBuildPhase section */

/* Begin PBXGroup section */
		219FEF4627987A12007D401A = {
			isa = PBXGroup;
			children = (
				219FEF5127987A12007D401A /* iOvu */,
				219FEF6327987A14007D401A /* iOvuTests */,
				219FEF6E27987A14007D401A /* iOvuUITests */,
				219FEF5027987A12007D401A /* Products */,
			);
			sourceTree = "<group>";
		};
		219FEF5027987A12007D401A /* Products */ = {
			isa = PBXGroup;
			children = (
				219FEF4F27987A12007D401A /* iOvu.app */,
				219FEF6027987A14007D401A /* iOvuTests.xctest */,
				219FEF6B27987A14007D401A /* iOvuUITests.xctest */,
			);
			name = Products;
			sourceTree = "<group>";
		};
		219FEF5127987A12007D401A /* iOvu */ = {
			isa = PBXGroup;
			children = (
				219FEF5227987A12007D401A /* iOvuApp.swift */,
				219FEF5427987A12007D401A /* ContentView.swift */,
				219FEF5627987A14007D401A /* Assets.xcassets */,
				219FEF5B27987A14007D401A /* Info.plist */,
				219FEF5827987A14007D401A /* Preview Content */,
			);
			path = iOvu;
			sourceTree = "<group>";
		};
		219FEF5827987A14007D401A /* Preview Content */ = {
			isa = PBXGroup;
			children = (
				219FEF5927987A14007D401A /* Preview Assets.xcassets */,
			);
			path = "Preview Content";
			sourceTree = "<group>";
		};
		219FEF6327987A14007D401A /* iOvuTests */ = {
			isa = PBXGroup;
			children = (
				219FEF6427987A14007D401A /* iOvuTests.swift */,
				219FEF6627987A14007D401A /* Info.plist */,
			);
			path = iOvuTests;
			sourceTree = "<group>";
		};
		219FEF6E27987A14007D401A /* iOvuUITests */ = {
			isa = PBXGroup;
			children = (
				219FEF6F27987A14007D401A /* iOvuUITests.swift */,
				219FEF7127987A14007D401A /* Info.plist */,
			);
			path = iOvuUITests;
			sourceTree = "<group>";
		};
/* End PBXGroup section */

/* Begin PBXNativeTarget section */
		219FEF4E27987A12007D401A /* iOvu */ = {
			isa = PBXNativeTarget;
			buildConfigurationList = 219FEF7427987A14007D401A /* Build configuration list for PBXNativeTarget "iOvu" */;
			buildPhases = (
				219FEF4B27987A12007D401A /* Sources */,
				219FEF4C27987A12007D401A /* Frameworks */,
				219FEF4D27987A12007D401A /* Resources */,
			);
			buildRules = (
			);
			dependencies = (
			);
			name = iOvu;
			productName = iOvu;
			productReference = 219FEF4F27987A12007D401A /* iOvu.app */;
			productType = "com.apple.product-type.application";
		};
		219FEF5F27987A14007D401A /* iOvuTests */ = {
			isa = PBXNativeTarget;
			buildConfigurationList = 219FEF7727987A14007D401A /* Build configuration list for PBXNativeTarget "iOvuTests" */;
			buildPhases = (
				219FEF5C27987A14007D401A /* Sources */,
				219FEF5D27987A14007D401A /* Frameworks */,
				219FEF5E27987A14007D401A /* Resources */,
			);
			buildRules = (
			);
			dependencies = (
				219FEF6227987A14007D401A /* PBXTargetDependency */,
			);
			name = iOvuTests;
			productName = iOvuTests;
			productReference = 219FEF6027987A14007D401A /* iOvuTests.xctest */;
			productType = "com.apple.product-type.bundle.unit-test";
		};
		219FEF6A27987A14007D401A /* iOvuUITests */ = {
			isa = PBXNativeTarget;
			buildConfigurationList = 219FEF7A27987A14007D401A /* Build configuration list for PBXNativeTarget "iOvuUITests" */;
			buildPhases = (
				219FEF6727987A14007D401A /* Sources */,
				219FEF6827987A14007D401A /* Frameworks */,
				219FEF6927987A14007D401A /* Resources */,
			);
			buildRules = (
			);
			dependencies = (
				219FEF6D27987A14007D401A /* PBXTargetDependency */,
			);
			name = iOvuUITests;
			productName = iOvuUITests;
			productReference = 219FEF6B27987A14007D401A /* iOvuUITests.xctest */;
			productType = "com.apple.product-type.bundle.ui-testing";
		};
/* End PBXNativeTarget section */

/* Begin PBXProject section */
		219FEF4727987A12007D401A /* Project object */ = {
			isa = PBXProject;
			attributes = {
				LastSwiftUpdateCheck = 1250;
				LastUpgradeCheck = 1250;
				TargetAttributes = {
					219FEF4E27987A12007D401A = {
						CreatedOnToolsVersion = 12.5.1;
					};
					219FEF5F27987A14007D401A = {
						CreatedOnToolsVersion = 12.5.1;
						TestTargetID = 219FEF4E27987A12007D401A;
					};
					219FEF6A27987A14007D401A = {
						CreatedOnToolsVersion = 12.5.1;
						TestTargetID = 219FEF4E27987A12007D401A;
					};
				};
			};
			buildConfigurationList = 219FEF4A27987A12007D401A /* Build configuration list for PBXProject "iOvu" */;
			compatibilityVersion = "Xcode 9.3";
			developmentRegion = en;
			hasScannedForEncodings = 0;
			knownRegions = (
				en,
				Base,
			);
			mainGroup = 219FEF4627987A12007D401A;
			productRefGroup = 219FEF5027987A12007D401A /* Products */;
			projectDirPath = "";
			projectRoot = "";
			targets = (
				219FEF4E27987A12007D401A /* iOvu */,
				219FEF5F27987A14007D401A /* iOvuTests */,
				219FEF6A27987A14007D401A /* iOvuUITests */,
			);
		};
/* End PBXProject section */

/* Begin PBXResourcesBuildPhase section */
		219FEF4D27987A12007D401A /* Resources */ = {
			isa = PBXResourcesBuildPhase;
			buildActionMask = 2147483647;
			files = (
				219FEF5A27987A14007D401A /* Preview Assets.xcassets in Resources */,
				219FEF5727987A14007D401A /* Assets.xcassets in Resources */,
			);
			runOnlyForDeploymentPostprocessing = 0;
		};
		219FEF5E27987A14007D401A /* Resources */ = {
			isa = PBXResourcesBuildPhase;
			buildActionMask = 2147483647;
			files = (
			);
			runOnlyForDeploymentPostprocessing = 0;
		};
		219FEF6927987A14007D401A /* Resources */ = {
			isa = PBXResourcesBuildPhase;
			buildActionMask = 2147483647;
			files = (
			);
			runOnlyForDeploymentPostprocessing = 0;
		};
/* End PBXResourcesBuildPhase section */

/* Begin PBXSourcesBuildPhase section */
		219FEF4B27987A12007D401A /* Sources */ = {
			isa = PBXSourcesBuildPhase;
			buildActionMask = 2147483647;
			files = (
				219FEF5527987A12007D401A /* ContentView.swift in Sources */,
				219FEF5327987A12007D401A /* iOvuApp.swift in Sources */,
			);
			runOnlyForDeploymentPostprocessing = 0;
		};
		219FEF5C27987A14007D401A /* Sources */ = {
			isa = PBXSourcesBuildPhase;
			buildActionMask = 2147483647;
			files = (
				219FEF6527987A14007D401A /* iOvuTests.swift in Sources */,
			);
			runOnlyForDeploymentPostprocessing = 0;
		};
		219FEF6727987A14007D401A /* Sources */ = {
			isa = PBXSourcesBuildPhase;
			buildActionMask = 2147483647;
			files = (
				219FEF7027987A14007D401A /* iOvuUITests.swift in Sources */,
			);
			runOnlyForDeploymentPostprocessing = 0;
		};
/* End PBXSourcesBuildPhase section */

/* Begin PBXTargetDependency section */
		219FEF6227987A14007D401A /* PBXTargetDependency */ = {
			isa = PBXTargetDependency;
			target = 219FEF4E27987A12007D401A /* iOvu */;
			targetProxy = 219FEF6127987A14007D401A /* PBXContainerItemProxy */;
		};
		219FEF6D27987A14007D401A /* PBXTargetDependency */ = {
			isa = PBXTargetDependency;
			target = 219FEF4E27987A12007D401A /* iOvu */;
			targetProxy = 219FEF6C27987A14007D401A /* PBXContainerItemProxy */;
		};
/* End PBXTargetDependency section */

/* Begin XCBuildConfiguration section */
		219FEF7227987A14007D401A /* Debug */ = {
			isa = XCBuildConfiguration;
			buildSettings = {
				ALWAYS_SEARCH_USER_PATHS = NO;
				CLANG_ANALYZER_NONNULL = YES;
				CLANG_ANALYZER_NUMBER_OBJECT_CONVERSION = YES_AGGRESSIVE;
				CLANG_CXX_LANGUAGE_STANDARD = "gnu++14";
				CLANG_CXX_LIBRARY = "libc++";
				CLANG_ENABLE_MODULES = YES;
				CLANG_ENABLE_OBJC_ARC = YES;
				CLANG_ENABLE_OBJC_WEAK = YES;
				CLANG_WARN_BLOCK_CAPTURE_AUTORELEASING = YES;
				CLANG_WARN_BOOL_CONVERSION = YES;
				CLANG_WARN_COMMA = YES;
				CLANG_WARN_CONSTANT_CONVERSION = YES;
				CLANG_WARN_DEPRECATED_OBJC_IMPLEMENTATIONS = YES;
				CLANG_WARN_DIRECT_OBJC_ISA_USAGE = YES_ERROR;
				CLANG_WARN_DOCUMENTATION_COMMENTS = YES;
				CLANG_WARN_EMPTY_BODY = YES;
				CLANG_WARN_ENUM_CONVERSION = YES;
				CLANG_WARN_INFINITE_RECURSION = YES;
				CLANG_WARN_INT_CONVERSION = YES;
				CLANG_WARN_NON_LITERAL_NULL_CONVERSION = YES;
				CLANG_WARN_OBJC_IMPLICIT_RETAIN_SELF = YES;
				CLANG_WARN_OBJC_LITERAL_CONVERSION = YES;
				CLANG_WARN_OBJC_ROOT_CLASS = YES_ERROR;
				CLANG_WARN_QUOTED_INCLUDE_IN_FRAMEWORK_HEADER = YES;
				CLANG_WARN_RANGE_LOOP_ANALYSIS = YES;
				CLANG_WARN_STRICT_PROTOTYPES = YES;
				CLANG_WARN_SUSPICIOUS_MOVE = YES;
				CLANG_WARN_UNGUARDED_AVAILABILITY = YES_AGGRESSIVE;
				CLANG_WARN_UNREACHABLE_CODE = YES;
				CLANG_WARN__DUPLICATE_METHOD_MATCH = YES;
				COPY_PHASE_STRIP = NO;
				DEBUG_INFORMATION_FORMAT = dwarf;
				ENABLE_STRICT_OBJC_MSGSEND = YES;
				ENABLE_TESTABILITY = YES;
				GCC_C_LANGUAGE_STANDARD = gnu11;
				GCC_DYNAMIC_NO_PIC = NO;
				GCC_NO_COMMON_BLOCKS = YES;
				GCC_OPTIMIZATION_LEVEL = 0;
				GCC_PREPROCESSOR_DEFINITIONS = (
					"DEBUG=1",
					"$(inherited)",
				);
				GCC_WARN_64_TO_32_BIT_CONVERSION = YES;
				GCC_WARN_ABOUT_RETURN_TYPE = YES_ERROR;
				GCC_WARN_UNDECLARED_SELECTOR = YES;
				GCC_WARN_UNINITIALIZED_AUTOS = YES_AGGRESSIVE;
				GCC_WARN_UNUSED_FUNCTION = YES;
				GCC_WARN_UNUSED_VARIABLE = YES;
				IPHONEOS_DEPLOYMENT_TARGET = 14.5;
				MTL_ENABLE_DEBUG_INFO = INCLUDE_SOURCE;
				MTL_FAST_MATH = YES;
				ONLY_ACTIVE_ARCH = YES;
				SDKROOT = iphoneos;
				SWIFT_ACTIVE_COMPILATION_CONDITIONS = DEBUG;
				SWIFT_OPTIMIZATION_LEVEL = "-Onone";
			};
			name = Debug;
		};
		219FEF7327987A14007D401A /* Release */ = {
			isa = XCBuildConfiguration;
			buildSettings = {
				ALWAYS_SEARCH_USER_PATHS = NO;
				CLANG_ANALYZER_NONNULL = YES;
				CLANG_ANALYZER_NUMBER_OBJECT_CONVERSION = YES_AGGRESSIVE;
				CLANG_CXX_LANGUAGE_STANDARD = "gnu++14";
				CLANG_CXX_LIBRARY = "libc++";
				CLANG_ENABLE_MODULES = YES;
				CLANG_ENABLE_OBJC_ARC = YES;
				CLANG_ENABLE_OBJC_WEAK = YES;
				CLANG_WARN_BLOCK_CAPTURE_AUTORELEASING = YES;
				CLANG_WARN_BOOL_CONVERSION = YES;
				CLANG_WARN_COMMA = YES;
				CLANG_WARN_CONSTANT_CONVERSION = YES;
				CLANG_WARN_DEPRECATED_OBJC_IMPLEMENTATIONS = YES;
				CLANG_WARN_DIRECT_OBJC_ISA_USAGE = YES_ERROR;
				CLANG_WARN_DOCUMENTATION_COMMENTS = YES;
				CLANG_WARN_EMPTY_BODY = YES;
				CLANG_WARN_ENUM_CONVERSION = YES;
				CLANG_WARN_INFINITE_RECURSION = YES;
				CLANG_WARN_INT_CONVERSION = YES;
				CLANG_WARN_NON_LITERAL_NULL_CONVERSION = YES;
				CLANG_WARN_OBJC_IMPLICIT_RETAIN_SELF = YES;
				CLANG_WARN_OBJC_LITERAL_CONVERSION = YES;
				CLANG_WARN_OBJC_ROOT_CLASS = YES_ERROR;
				CLANG_WARN_QUOTED_INCLUDE_IN_FRAMEWORK_HEADER = YES;
				CLANG_WARN_RANGE_LOOP_ANALYSIS = YES;
				CLANG_WARN_STRICT_PROTOTYPES = YES;
				CLANG_WARN_SUSPICIOUS_MOVE = YES;
				CLANG_WARN_UNGUARDED_AVAILABILITY = YES_AGGRESSIVE;
				CLANG_WARN_UNREACHABLE_CODE = YES;
				CLANG_WARN__DUPLICATE_METHOD_MATCH = YES;
				COPY_PHASE_STRIP = NO;
				DEBUG_INFORMATION_FORMAT = "dwarf-with-dsym";
				ENABLE_NS_ASSERTIONS = NO;
				ENABLE_STRICT_OBJC_MSGSEND = YES;
				GCC_C_LANGUAGE_STANDARD = gnu11;
				GCC_NO_COMMON_BLOCKS = YES;
				GCC_WARN_64_TO_32_BIT_CONVERSION = YES;
				GCC_WARN_ABOUT_RETURN_TYPE = YES_ERROR;
				GCC_WARN_UNDECLARED_SELECTOR = YES;
				GCC_WARN_UNINITIALIZED_AUTOS = YES_AGGRESSIVE;
				GCC_WARN_UNUSED_FUNCTION = YES;
				GCC_WARN_UNUSED_VARIABLE = YES;
				IPHONEOS_DEPLOYMENT_TARGET = 14.5;
				MTL_ENABLE_DEBUG_INFO = NO;
				MTL_FAST_MATH = YES;
				SDKROOT = iphoneos;
				SWIFT_COMPILATION_MODE = wholemodule;
				SWIFT_OPTIMIZATION_LEVEL = "-O";
				VALIDATE_PRODUCT = YES;
			};
			name = Release;
		};
		219FEF7527987A14007D401A /* Debug */ = {
			isa = XCBuildConfiguration;
			buildSettings = {
				ASSETCATALOG_COMPILER_APPICON_NAME = AppIcon;
				ASSETCATALOG_COMPILER_GLOBAL_ACCENT_COLOR_NAME = AccentColor;
				CODE_SIGN_STYLE = Automatic;
				DEVELOPMENT_ASSET_PATHS = "\"iOvu/Preview Content\"";
				DEVELOPMENT_TEAM = G29N2FYL67;
				ENABLE_PREVIEWS = YES;
				INFOPLIST_FILE = iOvu/Info.plist;
				IPHONEOS_DEPLOYMENT_TARGET = 14.0;
				LD_RUNPATH_SEARCH_PATHS = (
					"$(inherited)",
					"@executable_path/Frameworks",
				);
				PRODUCT_BUNDLE_IDENTIFIER = inquis1t0r.iOvu;
				PRODUCT_NAME = "$(TARGET_NAME)";
				SWIFT_VERSION = 5.0;
				TARGETED_DEVICE_FAMILY = "1,2";
			};
			name = Debug;
		};
		219FEF7627987A14007D401A /* Release */ = {
			isa = XCBuildConfiguration;
			buildSettings = {
				ASSETCATALOG_COMPILER_APPICON_NAME = AppIcon;
				ASSETCATALOG_COMPILER_GLOBAL_ACCENT_COLOR_NAME = AccentColor;
				CODE_SIGN_STYLE = Automatic;
				DEVELOPMENT_ASSET_PATHS = "\"iOvu/Preview Content\"";
				DEVELOPMENT_TEAM = G29N2FYL67;
				ENABLE_PREVIEWS = YES;
				INFOPLIST_FILE = iOvu/Info.plist;
				IPHONEOS_DEPLOYMENT_TARGET = 14.0;
				LD_RUNPATH_SEARCH_PATHS = (
					"$(inherited)",
					"@executable_path/Frameworks",
				);
				PRODUCT_BUNDLE_IDENTIFIER = inquis1t0r.iOvu;
				PRODUCT_NAME = "$(TARGET_NAME)";
				SWIFT_VERSION = 5.0;
				TARGETED_DEVICE_FAMILY = "1,2";
			};
			name = Release;
		};
		219FEF7827987A14007D401A /* Debug */ = {
			isa = XCBuildConfiguration;
			buildSettings = {
				ALWAYS_EMBED_SWIFT_STANDARD_LIBRARIES = YES;
				BUNDLE_LOADER = "$(TEST_HOST)";
				CODE_SIGN_STYLE = Automatic;
				DEVELOPMENT_TEAM = G29N2FYL67;
				INFOPLIST_FILE = iOvuTests/Info.plist;
				IPHONEOS_DEPLOYMENT_TARGET = 14.0;
				LD_RUNPATH_SEARCH_PATHS = (
					"$(inherited)",
					"@executable_path/Frameworks",
					"@loader_path/Frameworks",
				);
				PRODUCT_BUNDLE_IDENTIFIER = inquis1t0r.iOvuTests;
				PRODUCT_NAME = "$(TARGET_NAME)";
				SWIFT_VERSION = 5.0;
				TARGETED_DEVICE_FAMILY = "1,2";
				TEST_HOST = "$(BUILT_PRODUCTS_DIR)/iOvu.app/iOvu";
			};
			name = Debug;
		};
		219FEF7927987A14007D401A /* Release */ = {
			isa = XCBuildConfiguration;
			buildSettings = {
				ALWAYS_EMBED_SWIFT_STANDARD_LIBRARIES = YES;
				BUNDLE_LOADER = "$(TEST_HOST)";
				CODE_SIGN_STYLE = Automatic;
				DEVELOPMENT_TEAM = G29N2FYL67;
				INFOPLIST_FILE = iOvuTests/Info.plist;
				IPHONEOS_DEPLOYMENT_TARGET = 14.0;
				LD_RUNPATH_SEARCH_PATHS = (
					"$(inherited)",
					"@executable_path/Frameworks",
					"@loader_path/Frameworks",
				);
				PRODUCT_BUNDLE_IDENTIFIER = inquis1t0r.iOvuTests;
				PRODUCT_NAME = "$(TARGET_NAME)";
				SWIFT_VERSION = 5.0;
				TARGETED_DEVICE_FAMILY = "1,2";
				TEST_HOST = "$(BUILT_PRODUCTS_DIR)/iOvu.app/iOvu";
			};
			name = Release;
		};
		219FEF7B27987A14007D401A /* Debug */ = {
			isa = XCBuildConfiguration;
			buildSettings = {
				ALWAYS_EMBED_SWIFT_STANDARD_LIBRARIES = YES;
				CODE_SIGN_STYLE = Automatic;
				DEVELOPMENT_TEAM = G29N2FYL67;
				INFOPLIST_FILE = iOvuUITests/Info.plist;
				LD_RUNPATH_SEARCH_PATHS = (
					"$(inherited)",
					"@executable_path/Frameworks",
					"@loader_path/Frameworks",
				);
				PRODUCT_BUNDLE_IDENTIFIER = inquis1t0r.iOvuUITests;
				PRODUCT_NAME = "$(TARGET_NAME)";
				SWIFT_VERSION = 5.0;
				TARGETED_DEVICE_FAMILY = "1,2";
				TEST_TARGET_NAME = iOvu;
			};
			name = Debug;
		};
		219FEF7C27987A14007D401A /* Release */ = {
			isa = XCBuildConfiguration;
			buildSettings = {
				ALWAYS_EMBED_SWIFT_STANDARD_LIBRARIES = YES;
				CODE_SIGN_STYLE = Automatic;
				DEVELOPMENT_TEAM = G29N2FYL67;
				INFOPLIST_FILE = iOvuUITests/Info.plist;
				LD_RUNPATH_SEARCH_PATHS = (
					"$(inherited)",
					"@executable_path/Frameworks",
					"@loader_path/Frameworks",
				);
				PRODUCT_BUNDLE_IDENTIFIER = inquis1t0r.iOvuUITests;
				PRODUCT_NAME = "$(TARGET_NAME)";
				SWIFT_VERSION = 5.0;
				TARGETED_DEVICE_FAMILY = "1,2";
				TEST_TARGET_NAME = iOvu;
			};
			name = Release;
		};
/* End XCBuildConfiguration section */

/* Begin XCConfigurationList section */
		219FEF4A27987A12007D401A /* Build configuration list for PBXProject "iOvu" */ = {
			isa = XCConfigurationList;
			buildConfigurations = (
				219FEF7227987A14007D401A /* Debug */,
				219FEF7327987A14007D401A /* Release */,
			);
			defaultConfigurationIsVisible = 0;
			defaultConfigurationName = Release;
		};
		219FEF7427987A14007D401A /* Build configuration list for PBXNativeTarget "iOvu" */ = {
			isa = XCConfigurationList;
			buildConfigurations = (
				219FEF7527987A14007D401A /* Debug */,
				219FEF7627987A14007D401A /* Release */,
			);
			defaultConfigurationIsVisible = 0;
			defaultConfigurationName = Release;
		};
		219FEF7727987A14007D401A /* Build configuration list for PBXNativeTarget "iOvuTests" */ = {
			isa = XCConfigurationList;
			buildConfigurations = (
				219FEF7827987A14007D401A /* Debug */,
				219FEF7927987A14007D401A /* Release */,
			);
			defaultConfigurationIsVisible = 0;
			defaultConfigurationName = Release;
		};
		219FEF7A27987A14007D401A /* Build configuration list for PBXNativeTarget "iOvuUITests" */ = {
			isa = XCConfigurationList;
			buildConfigurations = (
				219FEF7B27987A14007D401A /* Debug */,
				219FEF7C27987A14007D401A /* Release */,
			);
			defaultConfigurationIsVisible = 0;
			defaultConfigurationName = Release;
		};
/* End XCConfigurationList section */
	};
	rootObject = 219FEF4727987A12007D401A /* Project object */;
}
